
Microsoft Visual Studio Solution File, Format Version 12.00
# Visual Studio 15
VisualStudioVersion = 15.0.36001.139
MinimumVisualStudioVersion = 10.0.40219.1
Project("{FAE04EC0-301F-11D3-BF4B-00C04F79EFBC}") = "Introduction", "Introduction\Introduction.csproj", "{FB01F32B-D80B-4086-94C9-3596DFB17CA0}"
EndProject
Project("{FAE04EC0-301F-11D3-BF4B-00C04F79EFBC}") = "DataTypes", "DataTypes\DataTypes.csproj", "{DD86EDF9-E973-4910-B80F-05ED1703348A}"
EndProject
Project("{FAE04EC0-301F-11D3-BF4B-00C04F79EFBC}") = "SimpleTasks", "SimpleTasks\SimpleTasks.csproj", "{E4391736-F1D7-433F-88A5-2B04F3764D9F}"
EndProject
Project("{FAE04EC0-301F-11D3-BF4B-00C04F79EFBC}") = "Game", "Game\Game.csproj", "{F3C2D1F6-E4D5-4919-9DF0-06AD2E8BEAD3}"
EndProject
Project("{FAE04EC0-301F-11D3-BF4B-00C04F79EFBC}") = "Arrays", "Arrays\Arrays.csproj", "{3E87DEA2-573A-44A4-9765-AA50F655EDE6}"
EndProject
Global
	GlobalSection(SolutionConfigurationPlatforms) = preSolution
		Debug|Any CPU = Debug|Any CPU
		Release|Any CPU = Release|Any CPU
	EndGlobalSection
	GlobalSection(ProjectConfigurationPlatforms) = postSolution
		{FB01F32B-D80B-4086-94C9-3596DFB17CA0}.Debug|Any CPU.ActiveCfg = Debug|Any CPU
		{FB01F32B-D80B-4086-94C9-3596DFB17CA0}.Debug|Any CPU.Build.0 = Debug|Any CPU
		{FB01F32B-D80B-4086-94C9-3596DFB17CA0}.Release|Any CPU.ActiveCfg = Release|Any CPU
		{FB01F32B-D80B-4086-94C9-3596DFB17CA0}.Release|Any CPU.Build.0 = Release|Any CPU
		{DD86EDF9-E973-4910-B80F-05ED1703348A}.Debug|Any CPU.ActiveCfg = Debug|Any CPU
		{DD86EDF9-E973-4910-B80F-05ED1703348A}.Debug|Any CPU.Build.0 = Debug|Any CPU
		{DD86EDF9-E973-4910-B80F-05ED1703348A}.Release|Any CPU.ActiveCfg = Release|Any CPU
		{DD86EDF9-E973-4910-B80F-05ED1703348A}.Release|Any CPU.Build.0 = Release|Any CPU
		{E4391736-F1D7-433F-88A5-2B04F3764D9F}.Debug|Any CPU.ActiveCfg = Debug|Any CPU
		{E4391736-F1D7-433F-88A5-2B04F3764D9F}.Debug|Any CPU.Build.0 = Debug|Any CPU
		{E4391736-F1D7-433F-88A5-2B04F3764D9F}.Release|Any CPU.ActiveCfg = Release|Any CPU
		{E4391736-F1D7-433F-88A5-2B04F3764D9F}.Release|Any CPU.Build.0 = Release|Any CPU
		{F3C2D1F6-E4D5-4919-9DF0-06AD2E8BEAD3}.Debug|Any CPU.ActiveCfg = Debug|Any CPU
		{F3C2D1F6-E4D5-4919-9DF0-06AD2E8BEAD3}.Debug|Any CPU.Build.0 = Debug|Any CPU
		{F3C2D1F6-E4D5-4919-9DF0-06AD2E8BEAD3}.Release|Any CPU.ActiveCfg = Release|Any CPU
		{F3C2D1F6-E4D5-4919-9DF0-06AD2E8BEAD3}.Release|Any CPU.Build.0 = Release|Any CPU
		{3E87DEA2-573A-44A4-9765-AA50F655EDE6}.Debug|Any CPU.ActiveCfg = Debug|Any CPU
		{3E87DEA2-573A-44A4-9765-AA50F655EDE6}.Debug|Any CPU.Build.0 = Debug|Any CPU
		{3E87DEA2-573A-44A4-9765-AA50F655EDE6}.Release|Any CPU.ActiveCfg = Release|Any CPU
		{3E87DEA2-573A-44A4-9765-AA50F655EDE6}.Release|Any CPU.Build.0 = Release|Any CPU
	EndGlobalSection
	GlobalSection(SolutionProperties) = preSolution
		HideSolutionNode = FALSE
	EndGlobalSection
	GlobalSection(ExtensibilityGlobals) = postSolution
		SolutionGuid = {D237574C-4145-482D-BB84-F7B9AD287B50}
	EndGlobalSection
EndGlobal
